
Microsoft Visual Studio Solution File, Format Version 12.00
# Visual Studio Version 17
VisualStudioVersion = 17.14.36109.1 d17.14
MinimumVisualStudioVersion = 10.0.40219.1
Project("{FAE04EC0-301F-11D3-BF4B-00C04F79EFBC}") = "PrediccionTendenciasActivos", "PrediccionTendenciasActivos\PrediccionTendenciasActivos.csproj", "{0296B546-83E6-4265-8E9A-F612962A0DE3}"
EndProject
Project("{FAE04EC0-301F-11D3-BF4B-00C04F79EFBC}") = "Aplication", "Aplication\Aplication.csproj", "{6358D27F-DE79-430C-BD53-7570FF163D8F}"
EndProject
Global
	GlobalSection(SolutionConfigurationPlatforms) = preSolution
		Debug|Any CPU = Debug|Any CPU
		Release|Any CPU = Release|Any CPU
	EndGlobalSection
	GlobalSection(ProjectConfigurationPlatforms) = postSolution
		{0296B546-83E6-4265-8E9A-F612962A0DE3}.Debug|Any CPU.ActiveCfg = Debug|Any CPU
		{0296B546-83E6-4265-8E9A-F612962A0DE3}.Debug|Any CPU.Build.0 = Debug|Any CPU
		{0296B546-83E6-4265-8E9A-F612962A0DE3}.Release|Any CPU.ActiveCfg = Release|Any CPU
		{0296B546-83E6-4265-8E9A-F612962A0DE3}.Release|Any CPU.Build.0 = Release|Any CPU
		{6358D27F-DE79-430C-BD53-7570FF163D8F}.Debug|Any CPU.ActiveCfg = Debug|Any CPU
		{6358D27F-DE79-430C-BD53-7570FF163D8F}.Debug|Any CPU.Build.0 = Debug|Any CPU
		{6358D27F-DE79-430C-BD53-7570FF163D8F}.Release|Any CPU.ActiveCfg = Release|Any CPU
		{6358D27F-DE79-430C-BD53-7570FF163D8F}.Release|Any CPU.Build.0 = Release|Any CPU
	EndGlobalSection
	GlobalSection(SolutionProperties) = preSolution
		HideSolutionNode = FALSE
	EndGlobalSection
	GlobalSection(ExtensibilityGlobals) = postSolution
		SolutionGuid = {AC28F7D6-DC5E-42C4-9FBE-3DF9F53AA91B}
	EndGlobalSection
EndGlobal
